{
  "name": "rename-photos-by-date",
  "version": "1.0.0",
  "lockfileVersion": 1,
  "requires": true,
  "dependencies": {
    "bluebird": {
      "version": "3.5.3",
      "resolved": "https://registry.npmjs.org/bluebird/-/bluebird-3.5.3.tgz",
      "integrity": "sha512-/qKPUQlaW1OyR51WeCPBvRnAlnZFUJkCSG5HzGnuIqhgyJtF+T94lFnn33eiazjRm2LAHVy2guNnaq48X9SJuw=="
    },
    "exif-reader": {
      "version": "1.0.2",
      "resolved": "http://registry.npmjs.org/exif-reader/-/exif-reader-1.0.2.tgz",
      "integrity": "sha1-AkCLl7YQKOpPReW4k6g2+aoorE8="
    },
    "fast-exif": {
      "version": "1.0.1",
      "resolved": "https://registry.npmjs.org/fast-exif/-/fast-exif-1.0.1.tgz",
      "integrity": "sha1-F9HQTWST5j1LbAs1xrC9v1Hjlv8=",
      "requires": {
        "bluebird": "^3.3.3",
        "exif-reader": "^1.0.0"
      }
    }
  }
}
